// !$*UTF8*$!
{
	archiveVersion = 1;
	classes = {
	};
	objectVersion = 46;
	objects = {

/* Begin PBXBuildFile section */
		96678F521744A96C00078C09 /* UIKit.framework in Frameworks */ = {isa = PBXBuildFile; fileRef = 96678F511744A96C00078C09 /* UIKit.framework */; };
		96678F541744A96C00078C09 /* Foundation.framework in Frameworks */ = {isa = PBXBuildFile; fileRef = 96678F531744A96C00078C09 /* Foundation.framework */; };
		96678F561744A96C00078C09 /* CoreGraphics.framework in Frameworks */ = {isa = PBXBuildFile; fileRef = 96678F551744A96C00078C09 /* CoreGraphics.framework */; };
		96678F5C1744A96D00078C09 /* InfoPlist.strings in Resources */ = {isa = PBXBuildFile; fileRef = 96678F5A1744A96D00078C09 /* InfoPlist.strings */; };
		96678F5E1744A96D00078C09 /* main.m in Sources */ = {isa = PBXBuildFile; fileRef = 96678F5D1744A96D00078C09 /* main.m */; };
		96678F621744A96D00078C09 /* AppDelegate.m in Sources */ = {isa = PBXBuildFile; fileRef = 96678F611744A96D00078C09 /* AppDelegate.m */; };
		96678F641744A96D00078C09 /* Default.png in Resources */ = {isa = PBXBuildFile; fileRef = 96678F631744A96D00078C09 /* Default.png */; };
		96678F661744A96D00078C09 /* Default@2x.png in Resources */ = {isa = PBXBuildFile; fileRef = 96678F651744A96D00078C09 /* Default@2x.png */; };
		96678F681744A96D00078C09 /* Default-568h@2x.png in Resources */ = {isa = PBXBuildFile; fileRef = 96678F671744A96D00078C09 /* Default-568h@2x.png */; };
		96678F6B1744A96D00078C09 /* FirstViewController.m in Sources */ = {isa = PBXBuildFile; fileRef = 96678F6A1744A96D00078C09 /* FirstViewController.m */; };
		96678F6D1744A96D00078C09 /* first.png in Resources */ = {isa = PBXBuildFile; fileRef = 96678F6C1744A96D00078C09 /* first.png */; };
		96678F6F1744A96D00078C09 /* first@2x.png in Resources */ = {isa = PBXBuildFile; fileRef = 96678F6E1744A96D00078C09 /* first@2x.png */; };
		96678F721744A96D00078C09 /* SecondViewController.m in Sources */ = {isa = PBXBuildFile; fileRef = 96678F711744A96D00078C09 /* SecondViewController.m */; };
		96678F741744A96D00078C09 /* second.png in Resources */ = {isa = PBXBuildFile; fileRef = 96678F731744A96D00078C09 /* second.png */; };
		96678F761744A96D00078C09 /* second@2x.png in Resources */ = {isa = PBXBuildFile; fileRef = 96678F751744A96D00078C09 /* second@2x.png */; };
		96678F791744A96D00078C09 /* FirstViewController.xib in Resources */ = {isa = PBXBuildFile; fileRef = 96678F771744A96D00078C09 /* FirstViewController.xib */; };
		96678F7C1744A96D00078C09 /* SecondViewController.xib in Resources */ = {isa = PBXBuildFile; fileRef = 96678F7A1744A96D00078C09 /* SecondViewController.xib */; };
/* End PBXBuildFile section */

/* Begin PBXFileReference section */
		96678F4D1744A96C00078C09 /* SourceTreeTest.app */ = {isa = PBXFileReference; explicitFileType = wrapper.application; includeInIndex = 0; path = SourceTreeTest.app; sourceTree = BUILT_PRODUCTS_DIR; };
		96678F511744A96C00078C09 /* UIKit.framework */ = {isa = PBXFileReference; lastKnownFileType = wrapper.framework; name = UIKit.framework; path = System/Library/Frameworks/UIKit.framework; sourceTree = SDKROOT; };
		96678F531744A96C00078C09 /* Foundation.framework */ = {isa = PBXFileReference; lastKnownFileType = wrapper.framework; name = Foundation.framework; path = System/Library/Frameworks/Foundation.framework; sourceTree = SDKROOT; };
		96678F551744A96C00078C09 /* CoreGraphics.framework */ = {isa = PBXFileReference; lastKnownFileType = wrapper.framework; name = CoreGraphics.framework; path = System/Library/Frameworks/CoreGraphics.framework; sourceTree = SDKROOT; };
		96678F591744A96D00078C09 /* SourceTreeTest-Info.plist */ = {isa = PBXFileReference; lastKnownFileType = text.plist.xml; path = "SourceTreeTest-Info.plist"; sourceTree = "<group>"; };
		96678F5B1744A96D00078C09 /* en */ = {isa = PBXFileReference; lastKnownFileType = text.plist.strings; name = en; path = en.lproj/InfoPlist.strings; sourceTree = "<group>"; };
		96678F5D1744A96D00078C09 /* main.m */ = {isa = PBXFileReference; lastKnownFileType = sourcecode.c.objc; path = main.m; sourceTree = "<group>"; };
		96678F5F1744A96D00078C09 /* SourceTreeTest-Prefix.pch */ = {isa = PBXFileReference; lastKnownFileType = sourcecode.c.h; path = "SourceTreeTest-Prefix.pch"; sourceTree = "<group>"; };
		96678F601744A96D00078C09 /* AppDelegate.h */ = {isa = PBXFileReference; lastKnownFileType = sourcecode.c.h; path = AppDelegate.h; sourceTree = "<group>"; };
		96678F611744A96D00078C09 /* AppDelegate.m */ = {isa = PBXFileReference; lastKnownFileType = sourcecode.c.objc; path = AppDelegate.m; sourceTree = "<group>"; };
		96678F631744A96D00078C09 /* Default.png */ = {isa = PBXFileReference; lastKnownFileType = image.png; path = Default.png; sourceTree = "<group>"; };
		96678F651744A96D00078C09 /* Default@2x.png */ = {isa = PBXFileReference; lastKnownFileType = image.png; path = "Default@2x.png"; sourceTree = "<group>"; };
		96678F671744A96D00078C09 /* Default-568h@2x.png */ = {isa = PBXFileReference; lastKnownFileType = image.png; path = "Default-568h@2x.png"; sourceTree = "<group>"; };
		96678F691744A96D00078C09 /* FirstViewController.h */ = {isa = PBXFileReference; lastKnownFileType = sourcecode.c.h; path = FirstViewController.h; sourceTree = "<group>"; };
		96678F6A1744A96D00078C09 /* FirstViewController.m */ = {isa = PBXFileReference; lastKnownFileType = sourcecode.c.objc; path = FirstViewController.m; sourceTree = "<group>"; };
		96678F6C1744A96D00078C09 /* first.png */ = {isa = PBXFileReference; lastKnownFileType = image.png; path = first.png; sourceTree = "<group>"; };
		96678F6E1744A96D00078C09 /* first@2x.png */ = {isa = PBXFileReference; lastKnownFileType = image.png; path = "first@2x.png"; sourceTree = "<group>"; };
		96678F701744A96D00078C09 /* SecondViewController.h */ = {isa = PBXFileReference; lastKnownFileType = sourcecode.c.h; path = SecondViewController.h; sourceTree = "<group>"; };
		96678F711744A96D00078C09 /* SecondViewController.m */ = {isa = PBXFileReference; lastKnownFileType = sourcecode.c.objc; path = SecondViewController.m; sourceTree = "<group>"; };
		96678F731744A96D00078C09 /* second.png */ = {isa = PBXFileReference; lastKnownFileType = image.png; path = second.png; sourceTree = "<group>"; };
		96678F751744A96D00078C09 /* second@2x.png */ = {isa = PBXFileReference; lastKnownFileType = image.png; path = "second@2x.png"; sourceTree = "<group>"; };
		96678F781744A96D00078C09 /* en */ = {isa = PBXFileReference; lastKnownFileType = file.xib; name = en; path = en.lproj/FirstViewController.xib; sourceTree = "<group>"; };
		96678F7B1744A96D00078C09 /* en */ = {isa = PBXFileReference; lastKnownFileType = file.xib; name = en; path = en.lproj/SecondViewController.xib; sourceTree = "<group>"; };
/* End PBXFileReference section */

/* Begin PBXFrameworksBuildPhase section */
		96678F4A1744A96C00078C09 /* Frameworks */ = {
			isa = PBXFrameworksBuildPhase;
			buildActionMask = 2147483647;
			files = (
				96678F521744A96C00078C09 /* UIKit.framework in Frameworks */,
				96678F541744A96C00078C09 /* Foundation.framework in Frameworks */,
				96678F561744A96C00078C09 /* CoreGraphics.framework in Frameworks */,
			);
			runOnlyForDeploymentPostprocessing = 0;
		};
/* End PBXFrameworksBuildPhase section */

/* Begin PBXGroup section */
		96678F421744A96C00078C09 = {
			isa = PBXGroup;
			children = (
				96678F571744A96D00078C09 /* SourceTreeTest */,
				96678F501744A96C00078C09 /* Frameworks */,
				96678F4E1744A96C00078C09 /* Products */,
			);
			sourceTree = "<group>";
		};
		96678F4E1744A96C00078C09 /* Products */ = {
			isa = PBXGroup;
			children = (
				96678F4D1744A96C00078C09 /* SourceTreeTest.app */,
			);
			name = Products;
			sourceTree = "<group>";
		};
		96678F501744A96C00078C09 /* Frameworks */ = {
			isa = PBXGroup;
			children = (
				96678F511744A96C00078C09 /* UIKit.framework */,
				96678F531744A96C00078C09 /* Foundation.framework */,
				96678F551744A96C00078C09 /* CoreGraphics.framework */,
			);
			name = Frameworks;
			sourceTree = "<group>";
		};
		96678F571744A96D00078C09 /* SourceTreeTest */ = {
			isa = PBXGroup;
			children = (
				96678F601744A96D00078C09 /* AppDelegate.h */,
				96678F611744A96D00078C09 /* AppDelegate.m */,
				96678F691744A96D00078C09 /* FirstViewController.h */,
				96678F6A1744A96D00078C09 /* FirstViewController.m */,
				96678F6C1744A96D00078C09 /* first.png */,
				96678F6E1744A96D00078C09 /* first@2x.png */,
				96678F701744A96D00078C09 /* SecondViewController.h */,
				96678F711744A96D00078C09 /* SecondViewController.m */,
				96678F731744A96D00078C09 /* second.png */,
				96678F751744A96D00078C09 /* second@2x.png */,
				96678F771744A96D00078C09 /* FirstViewController.xib */,
				96678F7A1744A96D00078C09 /* SecondViewController.xib */,
				96678F581744A96D00078C09 /* Supporting Files */,
			);
			path = SourceTreeTest;
			sourceTree = "<group>";
		};
		96678F581744A96D00078C09 /* Supporting Files */ = {
			isa = PBXGroup;
			children = (
				96678F591744A96D00078C09 /* SourceTreeTest-Info.plist */,
				96678F5A1744A96D00078C09 /* InfoPlist.strings */,
				96678F5D1744A96D00078C09 /* main.m */,
				96678F5F1744A96D00078C09 /* SourceTreeTest-Prefix.pch */,
				96678F631744A96D00078C09 /* Default.png */,
				96678F651744A96D00078C09 /* Default@2x.png */,
				96678F671744A96D00078C09 /* Default-568h@2x.png */,
			);
			name = "Supporting Files";
			sourceTree = "<group>";
		};
/* End PBXGroup section */

/* Begin PBXNativeTarget section */
		96678F4C1744A96C00078C09 /* SourceTreeTest */ = {
			isa = PBXNativeTarget;
			buildConfigurationList = 96678F7F1744A96D00078C09 /* Build configuration list for PBXNativeTarget "SourceTreeTest" */;
			buildPhases = (
				96678F491744A96C00078C09 /* Sources */,
				96678F4A1744A96C00078C09 /* Frameworks */,
				96678F4B1744A96C00078C09 /* Resources */,
			);
			buildRules = (
			);
			dependencies = (
			);
			name = SourceTreeTest;
			productName = SourceTreeTest;
			productReference = 96678F4D1744A96C00078C09 /* SourceTreeTest.app */;
			productType = "com.apple.product-type.application";
		};
/* End PBXNativeTarget section */

/* Begin PBXProject section */
		96678F441744A96C00078C09 /* Project object */ = {
			isa = PBXProject;
			attributes = {
				LastUpgradeCheck = 0450;
				ORGANIZATIONNAME = "松岡　俊博";
			};
			buildConfigurationList = 96678F471744A96C00078C09 /* Build configuration list for PBXProject "SourceTreeTest" */;
			compatibilityVersion = "Xcode 3.2";
			developmentRegion = English;
			hasScannedForEncodings = 0;
			knownRegions = (
				en,
			);
			mainGroup = 96678F421744A96C00078C09;
			productRefGroup = 96678F4E1744A96C00078C09 /* Products */;
			projectDirPath = "";
			projectRoot = "";
			targets = (
				96678F4C1744A96C00078C09 /* SourceTreeTest */,
			);
		};
/* End PBXProject section */

/* Begin PBXResourcesBuildPhase section */
		96678F4B1744A96C00078C09 /* Resources */ = {
			isa = PBXResourcesBuildPhase;
			buildActionMask = 2147483647;
			files = (
				96678F5C1744A96D00078C09 /* InfoPlist.strings in Resources */,
				96678F641744A96D00078C09 /* Default.png in Resources */,
				96678F661744A96D00078C09 /* Default@2x.png in Resources */,
				96678F681744A96D00078C09 /* Default-568h@2x.png in Resources */,
				96678F6D1744A96D00078C09 /* first.png in Resources */,
				96678F6F1744A96D00078C09 /* first@2x.png in Resources */,
				96678F741744A96D00078C09 /* second.png in Resources */,
				96678F761744A96D00078C09 /* second@2x.png in Resources */,
				96678F791744A96D00078C09 /* FirstViewController.xib in Resources */,
				96678F7C1744A96D00078C09 /* SecondViewController.xib in Resources */,
			);
			runOnlyForDeploymentPostprocessing = 0;
		};
/* End PBXResourcesBuildPhase section */

/* Begin PBXSourcesBuildPhase section */
		96678F491744A96C00078C09 /* Sources */ = {
			isa = PBXSourcesBuildPhase;
			buildActionMask = 2147483647;
			files = (
				96678F5E1744A96D00078C09 /* main.m in Sources */,
				96678F621744A96D00078C09 /* AppDelegate.m in Sources */,
				96678F6B1744A96D00078C09 /* FirstViewController.m in Sources */,
				96678F721744A96D00078C09 /* SecondViewController.m in Sources */,
			);
			runOnlyForDeploymentPostprocessing = 0;
		};
/* End PBXSourcesBuildPhase section */

/* Begin PBXVariantGroup section */
		96678F5A1744A96D00078C09 /* InfoPlist.strings */ = {
			isa = PBXVariantGroup;
			children = (
				96678F5B1744A96D00078C09 /* en */,
			);
			name = InfoPlist.strings;
			sourceTree = "<group>";
		};
		96678F771744A96D00078C09 /* FirstViewController.xib */ = {
			isa = PBXVariantGroup;
			children = (
				96678F781744A96D00078C09 /* en */,
			);
			name = FirstViewController.xib;
			sourceTree = "<group>";
		};
		96678F7A1744A96D00078C09 /* SecondViewController.xib */ = {
			isa = PBXVariantGroup;
			children = (
				96678F7B1744A96D00078C09 /* en */,
			);
			name = SecondViewController.xib;
			sourceTree = "<group>";
		};
/* End PBXVariantGroup section */

/* Begin XCBuildConfiguration section */
		96678F7D1744A96D00078C09 /* Debug */ = {
			isa = XCBuildConfiguration;
			buildSettings = {
				ALWAYS_SEARCH_USER_PATHS = NO;
				CLANG_CXX_LANGUAGE_STANDARD = "gnu++0x";
				CLANG_CXX_LIBRARY = "libc++";
				CLANG_WARN_EMPTY_BODY = YES;
				CLANG_WARN__DUPLICATE_METHOD_MATCH = YES;
				"CODE_SIGN_IDENTITY[sdk=iphoneos*]" = "iPhone Developer";
				COPY_PHASE_STRIP = NO;
				GCC_C_LANGUAGE_STANDARD = gnu99;
				GCC_DYNAMIC_NO_PIC = NO;
				GCC_OPTIMIZATION_LEVEL = 0;
				GCC_PREPROCESSOR_DEFINITIONS = (
					"DEBUG=1",
					"$(inherited)",
				);
				GCC_SYMBOLS_PRIVATE_EXTERN = NO;
				GCC_WARN_ABOUT_RETURN_TYPE = YES;
				GCC_WARN_UNINITIALIZED_AUTOS = YES;
				GCC_WARN_UNUSED_VARIABLE = YES;
				IPHONEOS_DEPLOYMENT_TARGET = 6.0;
				ONLY_ACTIVE_ARCH = YES;
				SDKROOT = iphoneos;
			};
			name = Debug;
		};
		96678F7E1744A96D00078C09 /* Release */ = {
			isa = XCBuildConfiguration;
			buildSettings = {
				ALWAYS_SEARCH_USER_PATHS = NO;
				CLANG_CXX_LANGUAGE_STANDARD = "gnu++0x";
				CLANG_CXX_LIBRARY = "libc++";
				CLANG_WARN_EMPTY_BODY = YES;
				CLANG_WARN__DUPLICATE_METHOD_MATCH = YES;
				"CODE_SIGN_IDENTITY[sdk=iphoneos*]" = "iPhone Developer";
				COPY_PHASE_STRIP = YES;
				GCC_C_LANGUAGE_STANDARD = gnu99;
				GCC_WARN_ABOUT_RETURN_TYPE = YES;
				GCC_WARN_UNINITIALIZED_AUTOS = YES;
				GCC_WARN_UNUSED_VARIABLE = YES;
				IPHONEOS_DEPLOYMENT_TARGET = 6.0;
				OTHER_CFLAGS = "-DNS_BLOCK_ASSERTIONS=1";
				SDKROOT = iphoneos;
				VALIDATE_PRODUCT = YES;
			};
			name = Release;
		};
		96678F801744A96D00078C09 /* Debug */ = {
			isa = XCBuildConfiguration;
			buildSettings = {
				GCC_PRECOMPILE_PREFIX_HEADER = YES;
				GCC_PREFIX_HEADER = "SourceTreeTest/SourceTreeTest-Prefix.pch";
				INFOPLIST_FILE = "SourceTreeTest/SourceTreeTest-Info.plist";
				PRODUCT_NAME = "$(TARGET_NAME)";
				WRAPPER_EXTENSION = app;
			};
			name = Debug;
		};
		96678F811744A96D00078C09 /* Release */ = {
			isa = XCBuildConfiguration;
			buildSettings = {
				GCC_PRECOMPILE_PREFIX_HEADER = YES;
				GCC_PREFIX_HEADER = "SourceTreeTest/SourceTreeTest-Prefix.pch";
				INFOPLIST_FILE = "SourceTreeTest/SourceTreeTest-Info.plist";
				PRODUCT_NAME = "$(TARGET_NAME)";
				WRAPPER_EXTENSION = app;
			};
			name = Release;
		};
/* End XCBuildConfiguration section */

/* Begin XCConfigurationList section */
		96678F471744A96C00078C09 /* Build configuration list for PBXProject "SourceTreeTest" */ = {
			isa = XCConfigurationList;
			buildConfigurations = (
				96678F7D1744A96D00078C09 /* Debug */,
				96678F7E1744A96D00078C09 /* Release */,
			);
			defaultConfigurationIsVisible = 0;
			defaultConfigurationName = Release;
		};
		96678F7F1744A96D00078C09 /* Build configuration list for PBXNativeTarget "SourceTreeTest" */ = {
			isa = XCConfigurationList;
			buildConfigurations = (
				96678F801744A96D00078C09 /* Debug */,
				96678F811744A96D00078C09 /* Release */,
			);
			defaultConfigurationIsVisible = 0;
		};
/* End XCConfigurationList section */
	};
	rootObject = 96678F441744A96C00078C09 /* Project object */;
}
